// !$*UTF8*$!
{
	archiveVersion = 1;
	classes = {
	};
	objectVersion = 50;
	objects = {

/* Begin PBXBuildFile section */
		39066884257BAF8D002A1DBB /* PacApp.swift in Sources */ = {isa = PBXBuildFile; fileRef = 39066871257BAF8C002A1DBB /* PacApp.swift */; };
		39066885257BAF8D002A1DBB /* PacApp.swift in Sources */ = {isa = PBXBuildFile; fileRef = 39066871257BAF8C002A1DBB /* PacApp.swift */; };
		39066886257BAF8D002A1DBB /* ContentView.swift in Sources */ = {isa = PBXBuildFile; fileRef = 39066872257BAF8C002A1DBB /* ContentView.swift */; };
		39066887257BAF8D002A1DBB /* ContentView.swift in Sources */ = {isa = PBXBuildFile; fileRef = 39066872257BAF8C002A1DBB /* ContentView.swift */; };
		39066888257BAF8D002A1DBB /* Assets.xcassets in Resources */ = {isa = PBXBuildFile; fileRef = 39066873257BAF8D002A1DBB /* Assets.xcassets */; };
		39066889257BAF8D002A1DBB /* Assets.xcassets in Resources */ = {isa = PBXBuildFile; fileRef = 39066873257BAF8D002A1DBB /* Assets.xcassets */; };
/* End PBXBuildFile section */

/* Begin PBXFileReference section */
		39066871257BAF8C002A1DBB /* PacApp.swift */ = {isa = PBXFileReference; lastKnownFileType = sourcecode.swift; path = PacApp.swift; sourceTree = "<group>"; };
		39066872257BAF8C002A1DBB /* ContentView.swift */ = {isa = PBXFileReference; lastKnownFileType = sourcecode.swift; path = ContentView.swift; sourceTree = "<group>"; };
		39066873257BAF8D002A1DBB /* Assets.xcassets */ = {isa = PBXFileReference; lastKnownFileType = folder.assetcatalog; path = Assets.xcassets; sourceTree = "<group>"; };
		39066878257BAF8D002A1DBB /* Pac.app */ = {isa = PBXFileReference; explicitFileType = wrapper.application; includeInIndex = 0; path = Pac.app; sourceTree = BUILT_PRODUCTS_DIR; };
		3906687B257BAF8D002A1DBB /* Info.plist */ = {isa = PBXFileReference; lastKnownFileType = text.plist.xml; path = Info.plist; sourceTree = "<group>"; };
		39066880257BAF8D002A1DBB /* Pac.app */ = {isa = PBXFileReference; explicitFileType = wrapper.application; includeInIndex = 0; path = Pac.app; sourceTree = BUILT_PRODUCTS_DIR; };
		39066882257BAF8D002A1DBB /* Info.plist */ = {isa = PBXFileReference; lastKnownFileType = text.plist.xml; path = Info.plist; sourceTree = "<group>"; };
		39066883257BAF8D002A1DBB /* macOS.entitlements */ = {isa = PBXFileReference; lastKnownFileType = text.plist.entitlements; path = macOS.entitlements; sourceTree = "<group>"; };
/* End PBXFileReference section */

/* Begin PBXFrameworksBuildPhase section */
		39066875257BAF8D002A1DBB /* Frameworks */ = {
			isa = PBXFrameworksBuildPhase;
			buildActionMask = 2147483647;
			files = (
			);
			runOnlyForDeploymentPostprocessing = 0;
		};
		3906687D257BAF8D002A1DBB /* Frameworks */ = {
			isa = PBXFrameworksBuildPhase;
			buildActionMask = 2147483647;
			files = (
			);
			runOnlyForDeploymentPostprocessing = 0;
		};
/* End PBXFrameworksBuildPhase section */

/* Begin PBXGroup section */
		3906686B257BAF8C002A1DBB = {
			isa = PBXGroup;
			children = (
				39066870257BAF8C002A1DBB /* Shared */,
				3906687A257BAF8D002A1DBB /* iOS */,
				39066881257BAF8D002A1DBB /* macOS */,
				39066879257BAF8D002A1DBB /* Products */,
			);
			sourceTree = "<group>";
		};
		39066870257BAF8C002A1DBB /* Shared */ = {
			isa = PBXGroup;
			children = (
				39066871257BAF8C002A1DBB /* PacApp.swift */,
				39066872257BAF8C002A1DBB /* ContentView.swift */,
				39066873257BAF8D002A1DBB /* Assets.xcassets */,
			);
			path = Shared;
			sourceTree = "<group>";
		};
		39066879257BAF8D002A1DBB /* Products */ = {
			isa = PBXGroup;
			children = (
				39066878257BAF8D002A1DBB /* Pac.app */,
				39066880257BAF8D002A1DBB /* Pac.app */,
			);
			name = Products;
			sourceTree = "<group>";
		};
		3906687A257BAF8D002A1DBB /* iOS */ = {
			isa = PBXGroup;
			children = (
				3906687B257BAF8D002A1DBB /* Info.plist */,
			);
			path = iOS;
			sourceTree = "<group>";
		};
		39066881257BAF8D002A1DBB /* macOS */ = {
			isa = PBXGroup;
			children = (
				39066882257BAF8D002A1DBB /* Info.plist */,
				39066883257BAF8D002A1DBB /* macOS.entitlements */,
			);
			path = macOS;
			sourceTree = "<group>";
		};
/* End PBXGroup section */

/* Begin PBXNativeTarget section */
		39066877257BAF8D002A1DBB /* Pac (iOS) */ = {
			isa = PBXNativeTarget;
			buildConfigurationList = 3906688C257BAF8D002A1DBB /* Build configuration list for PBXNativeTarget "Pac (iOS)" */;
			buildPhases = (
				39066874257BAF8D002A1DBB /* Sources */,
				39066875257BAF8D002A1DBB /* Frameworks */,
				39066876257BAF8D002A1DBB /* Resources */,
			);
			buildRules = (
			);
			dependencies = (
			);
			name = "Pac (iOS)";
			productName = "Pac (iOS)";
			productReference = 39066878257BAF8D002A1DBB /* Pac.app */;
			productType = "com.apple.product-type.application";
		};
		3906687F257BAF8D002A1DBB /* Pac (macOS) */ = {
			isa = PBXNativeTarget;
			buildConfigurationList = 3906688F257BAF8D002A1DBB /* Build configuration list for PBXNativeTarget "Pac (macOS)" */;
			buildPhases = (
				3906687C257BAF8D002A1DBB /* Sources */,
				3906687D257BAF8D002A1DBB /* Frameworks */,
				3906687E257BAF8D002A1DBB /* Resources */,
			);
			buildRules = (
			);
			dependencies = (
			);
			name = "Pac (macOS)";
			productName = "Pac (macOS)";
			productReference = 39066880257BAF8D002A1DBB /* Pac.app */;
			productType = "com.apple.product-type.application";
		};
/* End PBXNativeTarget section */

/* Begin PBXProject section */
		3906686C257BAF8C002A1DBB /* Project object */ = {
			isa = PBXProject;
			attributes = {
				LastSwiftUpdateCheck = 1220;
				LastUpgradeCheck = 1220;
				TargetAttributes = {
					39066877257BAF8D002A1DBB = {
						CreatedOnToolsVersion = 12.2;
					};
					3906687F257BAF8D002A1DBB = {
						CreatedOnToolsVersion = 12.2;
					};
				};
			};
			buildConfigurationList = 3906686F257BAF8C002A1DBB /* Build configuration list for PBXProject "Pac" */;
			compatibilityVersion = "Xcode 9.3";
			developmentRegion = en;
			hasScannedForEncodings = 0;
			knownRegions = (
				en,
				Base,
			);
			mainGroup = 3906686B257BAF8C002A1DBB;
			productRefGroup = 39066879257BAF8D002A1DBB /* Products */;
			projectDirPath = "";
			projectRoot = "";
			targets = (
				39066877257BAF8D002A1DBB /* Pac (iOS) */,
				3906687F257BAF8D002A1DBB /* Pac (macOS) */,
			);
		};
/* End PBXProject section */

/* Begin PBXResourcesBuildPhase section */
		39066876257BAF8D002A1DBB /* Resources */ = {
			isa = PBXResourcesBuildPhase;
			buildActionMask = 2147483647;
			files = (
				39066888257BAF8D002A1DBB /* Assets.xcassets in Resources */,
			);
			runOnlyForDeploymentPostprocessing = 0;
		};
		3906687E257BAF8D002A1DBB /* Resources */ = {
			isa = PBXResourcesBuildPhase;
			buildActionMask = 2147483647;
			files = (
				39066889257BAF8D002A1DBB /* Assets.xcassets in Resources */,
			);
			runOnlyForDeploymentPostprocessing = 0;
		};
/* End PBXResourcesBuildPhase section */

/* Begin PBXSourcesBuildPhase section */
		39066874257BAF8D002A1DBB /* Sources */ = {
			isa = PBXSourcesBuildPhase;
			buildActionMask = 2147483647;
			files = (
				39066886257BAF8D002A1DBB /* ContentView.swift in Sources */,
				39066884257BAF8D002A1DBB /* PacApp.swift in Sources */,
			);
			runOnlyForDeploymentPostprocessing = 0;
		};
		3906687C257BAF8D002A1DBB /* Sources */ = {
			isa = PBXSourcesBuildPhase;
			buildActionMask = 2147483647;
			files = (
				39066887257BAF8D002A1DBB /* ContentView.swift in Sources */,
				39066885257BAF8D002A1DBB /* PacApp.swift in Sources */,
			);
			runOnlyForDeploymentPostprocessing = 0;
		};
/* End PBXSourcesBuildPhase section */

/* Begin XCBuildConfiguration section */
		3906688A257BAF8D002A1DBB /* Debug */ = {
			isa = XCBuildConfiguration;
			buildSettings = {
				ALWAYS_SEARCH_USER_PATHS = NO;
				CLANG_ANALYZER_NONNULL = YES;
				CLANG_ANALYZER_NUMBER_OBJECT_CONVERSION = YES_AGGRESSIVE;
				CLANG_CXX_LANGUAGE_STANDARD = "gnu++14";
				CLANG_CXX_LIBRARY = "libc++";
				CLANG_ENABLE_MODULES = YES;
				CLANG_ENABLE_OBJC_ARC = YES;
				CLANG_ENABLE_OBJC_WEAK = YES;
				CLANG_WARN_BLOCK_CAPTURE_AUTORELEASING = YES;
				CLANG_WARN_BOOL_CONVERSION = YES;
				CLANG_WARN_COMMA = YES;
				CLANG_WARN_CONSTANT_CONVERSION = YES;
				CLANG_WARN_DEPRECATED_OBJC_IMPLEMENTATIONS = YES;
				CLANG_WARN_DIRECT_OBJC_ISA_USAGE = YES_ERROR;
				CLANG_WARN_DOCUMENTATION_COMMENTS = YES;
				CLANG_WARN_EMPTY_BODY = YES;
				CLANG_WARN_ENUM_CONVERSION = YES;
				CLANG_WARN_INFINITE_RECURSION = YES;
				CLANG_WARN_INT_CONVERSION = YES;
				CLANG_WARN_NON_LITERAL_NULL_CONVERSION = YES;
				CLANG_WARN_OBJC_IMPLICIT_RETAIN_SELF = YES;
				CLANG_WARN_OBJC_LITERAL_CONVERSION = YES;
				CLANG_WARN_OBJC_ROOT_CLASS = YES_ERROR;
				CLANG_WARN_QUOTED_INCLUDE_IN_FRAMEWORK_HEADER = YES;
				CLANG_WARN_RANGE_LOOP_ANALYSIS = YES;
				CLANG_WARN_STRICT_PROTOTYPES = YES;
				CLANG_WARN_SUSPICIOUS_MOVE = YES;
				CLANG_WARN_UNGUARDED_AVAILABILITY = YES_AGGRESSIVE;
				CLANG_WARN_UNREACHABLE_CODE = YES;
				CLANG_WARN__DUPLICATE_METHOD_MATCH = YES;
				COPY_PHASE_STRIP = NO;
				DEBUG_INFORMATION_FORMAT = dwarf;
				ENABLE_STRICT_OBJC_MSGSEND = YES;
				ENABLE_TESTABILITY = YES;
				GCC_C_LANGUAGE_STANDARD = gnu11;
				GCC_DYNAMIC_NO_PIC = NO;
				GCC_NO_COMMON_BLOCKS = YES;
				GCC_OPTIMIZATION_LEVEL = 0;
				GCC_PREPROCESSOR_DEFINITIONS = (
					"DEBUG=1",
					"$(inherited)",
				);
				GCC_WARN_64_TO_32_BIT_CONVERSION = YES;
				GCC_WARN_ABOUT_RETURN_TYPE = YES_ERROR;
				GCC_WARN_UNDECLARED_SELECTOR = YES;
				GCC_WARN_UNINITIALIZED_AUTOS = YES_AGGRESSIVE;
				GCC_WARN_UNUSED_FUNCTION = YES;
				GCC_WARN_UNUSED_VARIABLE = YES;
				MTL_ENABLE_DEBUG_INFO = INCLUDE_SOURCE;
				MTL_FAST_MATH = YES;
				ONLY_ACTIVE_ARCH = YES;
				SWIFT_ACTIVE_COMPILATION_CONDITIONS = DEBUG;
				SWIFT_OPTIMIZATION_LEVEL = "-Onone";
			};
			name = Debug;
		};
		3906688B257BAF8D002A1DBB /* Release */ = {
			isa = XCBuildConfiguration;
			buildSettings = {
				ALWAYS_SEARCH_USER_PATHS = NO;
				CLANG_ANALYZER_NONNULL = YES;
				CLANG_ANALYZER_NUMBER_OBJECT_CONVERSION = YES_AGGRESSIVE;
				CLANG_CXX_LANGUAGE_STANDARD = "gnu++14";
				CLANG_CXX_LIBRARY = "libc++";
				CLANG_ENABLE_MODULES = YES;
				CLANG_ENABLE_OBJC_ARC = YES;
				CLANG_ENABLE_OBJC_WEAK = YES;
				CLANG_WARN_BLOCK_CAPTURE_AUTORELEASING = YES;
				CLANG_WARN_BOOL_CONVERSION = YES;
				CLANG_WARN_COMMA = YES;
				CLANG_WARN_CONSTANT_CONVERSION = YES;
				CLANG_WARN_DEPRECATED_OBJC_IMPLEMENTATIONS = YES;
				CLANG_WARN_DIRECT_OBJC_ISA_USAGE = YES_ERROR;
				CLANG_WARN_DOCUMENTATION_COMMENTS = YES;
				CLANG_WARN_EMPTY_BODY = YES;
				CLANG_WARN_ENUM_CONVERSION = YES;
				CLANG_WARN_INFINITE_RECURSION = YES;
				CLANG_WARN_INT_CONVERSION = YES;
				CLANG_WARN_NON_LITERAL_NULL_CONVERSION = YES;
				CLANG_WARN_OBJC_IMPLICIT_RETAIN_SELF = YES;
				CLANG_WARN_OBJC_LITERAL_CONVERSION = YES;
				CLANG_WARN_OBJC_ROOT_CLASS = YES_ERROR;
				CLANG_WARN_QUOTED_INCLUDE_IN_FRAMEWORK_HEADER = YES;
				CLANG_WARN_RANGE_LOOP_ANALYSIS = YES;
				CLANG_WARN_STRICT_PROTOTYPES = YES;
				CLANG_WARN_SUSPICIOUS_MOVE = YES;
				CLANG_WARN_UNGUARDED_AVAILABILITY = YES_AGGRESSIVE;
				CLANG_WARN_UNREACHABLE_CODE = YES;
				CLANG_WARN__DUPLICATE_METHOD_MATCH = YES;
				COPY_PHASE_STRIP = NO;
				DEBUG_INFORMATION_FORMAT = "dwarf-with-dsym";
				ENABLE_NS_ASSERTIONS = NO;
				ENABLE_STRICT_OBJC_MSGSEND = YES;
				GCC_C_LANGUAGE_STANDARD = gnu11;
				GCC_NO_COMMON_BLOCKS = YES;
				GCC_WARN_64_TO_32_BIT_CONVERSION = YES;
				GCC_WARN_ABOUT_RETURN_TYPE = YES_ERROR;
				GCC_WARN_UNDECLARED_SELECTOR = YES;
				GCC_WARN_UNINITIALIZED_AUTOS = YES_AGGRESSIVE;
				GCC_WARN_UNUSED_FUNCTION = YES;
				GCC_WARN_UNUSED_VARIABLE = YES;
				MTL_ENABLE_DEBUG_INFO = NO;
				MTL_FAST_MATH = YES;
				SWIFT_COMPILATION_MODE = wholemodule;
				SWIFT_OPTIMIZATION_LEVEL = "-O";
			};
			name = Release;
		};
		3906688D257BAF8D002A1DBB /* Debug */ = {
			isa = XCBuildConfiguration;
			buildSettings = {
				ASSETCATALOG_COMPILER_APPICON_NAME = AppIcon;
				ASSETCATALOG_COMPILER_GLOBAL_ACCENT_COLOR_NAME = AccentColor;
				CODE_SIGN_STYLE = Automatic;
				ENABLE_PREVIEWS = YES;
				INFOPLIST_FILE = iOS/Info.plist;
				IPHONEOS_DEPLOYMENT_TARGET = 14.0;
				LD_RUNPATH_SEARCH_PATHS = (
					"$(inherited)",
					"@executable_path/Frameworks",
				);
				PRODUCT_BUNDLE_IDENTIFIER = com.v2f.Pac;
				PRODUCT_NAME = Pac;
				SDKROOT = iphoneos;
				SWIFT_VERSION = 5.0;
				TARGETED_DEVICE_FAMILY = "1,2";
			};
			name = Debug;
		};
		3906688E257BAF8D002A1DBB /* Release */ = {
			isa = XCBuildConfiguration;
			buildSettings = {
				ASSETCATALOG_COMPILER_APPICON_NAME = AppIcon;
				ASSETCATALOG_COMPILER_GLOBAL_ACCENT_COLOR_NAME = AccentColor;
				CODE_SIGN_STYLE = Automatic;
				ENABLE_PREVIEWS = YES;
				INFOPLIST_FILE = iOS/Info.plist;
				IPHONEOS_DEPLOYMENT_TARGET = 14.0;
				LD_RUNPATH_SEARCH_PATHS = (
					"$(inherited)",
					"@executable_path/Frameworks",
				);
				PRODUCT_BUNDLE_IDENTIFIER = com.v2f.Pac;
				PRODUCT_NAME = Pac;
				SDKROOT = iphoneos;
				SWIFT_VERSION = 5.0;
				TARGETED_DEVICE_FAMILY = "1,2";
				VALIDATE_PRODUCT = YES;
			};
			name = Release;
		};
		39066890257BAF8D002A1DBB /* Debug */ = {
			isa = XCBuildConfiguration;
			buildSettings = {
				ASSETCATALOG_COMPILER_APPICON_NAME = AppIcon;
				ASSETCATALOG_COMPILER_GLOBAL_ACCENT_COLOR_NAME = AccentColor;
				CODE_SIGN_ENTITLEMENTS = macOS/macOS.entitlements;
				CODE_SIGN_STYLE = Automatic;
				COMBINE_HIDPI_IMAGES = YES;
				ENABLE_PREVIEWS = YES;
				INFOPLIST_FILE = macOS/Info.plist;
				LD_RUNPATH_SEARCH_PATHS = (
					"$(inherited)",
					"@executable_path/../Frameworks",
				);
				MACOSX_DEPLOYMENT_TARGET = 11.0;
				PRODUCT_BUNDLE_IDENTIFIER = com.v2f.Pac;
				PRODUCT_NAME = Pac;
				SDKROOT = macosx;
				SWIFT_VERSION = 5.0;
			};
			name = Debug;
		};
		39066891257BAF8D002A1DBB /* Release */ = {
			isa = XCBuildConfiguration;
			buildSettings = {
				ASSETCATALOG_COMPILER_APPICON_NAME = AppIcon;
				ASSETCATALOG_COMPILER_GLOBAL_ACCENT_COLOR_NAME = AccentColor;
				CODE_SIGN_ENTITLEMENTS = macOS/macOS.entitlements;
				CODE_SIGN_STYLE = Automatic;
				COMBINE_HIDPI_IMAGES = YES;
				ENABLE_PREVIEWS = YES;
				INFOPLIST_FILE = macOS/Info.plist;
				LD_RUNPATH_SEARCH_PATHS = (
					"$(inherited)",
					"@executable_path/../Frameworks",
				);
				MACOSX_DEPLOYMENT_TARGET = 11.0;
				PRODUCT_BUNDLE_IDENTIFIER = com.v2f.Pac;
				PRODUCT_NAME = Pac;
				SDKROOT = macosx;
				SWIFT_VERSION = 5.0;
			};
			name = Release;
		};
/* End XCBuildConfiguration section */

/* Begin XCConfigurationList section */
		3906686F257BAF8C002A1DBB /* Build configuration list for PBXProject "Pac" */ = {
			isa = XCConfigurationList;
			buildConfigurations = (
				3906688A257BAF8D002A1DBB /* Debug */,
				3906688B257BAF8D002A1DBB /* Release */,
			);
			defaultConfigurationIsVisible = 0;
			defaultConfigurationName = Release;
		};
		3906688C257BAF8D002A1DBB /* Build configuration list for PBXNativeTarget "Pac (iOS)" */ = {
			isa = XCConfigurationList;
			buildConfigurations = (
				3906688D257BAF8D002A1DBB /* Debug */,
				3906688E257BAF8D002A1DBB /* Release */,
			);
			defaultConfigurationIsVisible = 0;
			defaultConfigurationName = Release;
		};
		3906688F257BAF8D002A1DBB /* Build configuration list for PBXNativeTarget "Pac (macOS)" */ = {
			isa = XCConfigurationList;
			buildConfigurations = (
				39066890257BAF8D002A1DBB /* Debug */,
				39066891257BAF8D002A1DBB /* Release */,
			);
			defaultConfigurationIsVisible = 0;
			defaultConfigurationName = Release;
		};
/* End XCConfigurationList section */
	};
	rootObject = 3906686C257BAF8C002A1DBB /* Project object */;
}
